
Microsoft Visual Studio Solution File, Format Version 12.00
# Visual Studio Version 17
VisualStudioVersion = 17.11.35312.102
MinimumVisualStudioVersion = 10.0.40219.1
Project("{FAE04EC0-301F-11D3-BF4B-00C04F79EFBC}") = "软构作业7", "软构作业7.csproj", "{74246884-A2BE-44B1-B231-548EC1A534AD}"
EndProject
Global
	GlobalSection(SolutionConfigurationPlatforms) = preSolution
		Debug|Any CPU = Debug|Any CPU
		Release|Any CPU = Release|Any CPU
	EndGlobalSection
	GlobalSection(ProjectConfigurationPlatforms) = postSolution
		{74246884-A2BE-44B1-B231-548EC1A534AD}.Debug|Any CPU.ActiveCfg = Debug|Any CPU
		{74246884-A2BE-44B1-B231-548EC1A534AD}.Debug|Any CPU.Build.0 = Debug|Any CPU
		{74246884-A2BE-44B1-B231-548EC1A534AD}.Release|Any CPU.ActiveCfg = Release|Any CPU
		{74246884-A2BE-44B1-B231-548EC1A534AD}.Release|Any CPU.Build.0 = Release|Any CPU
	EndGlobalSection
	GlobalSection(SolutionProperties) = preSolution
		HideSolutionNode = FALSE
	EndGlobalSection
	GlobalSection(ExtensibilityGlobals) = postSolution
		SolutionGuid = {9CCBB0BB-9576-4602-88F9-A1E4974B75A6}
	EndGlobalSection
EndGlobal
