
Microsoft Visual Studio Solution File, Format Version 12.00
# Visual Studio Version 17
VisualStudioVersion = 17.11.35312.102
MinimumVisualStudioVersion = 10.0.40219.1
Project("{FAE04EC0-301F-11D3-BF4B-00C04F79EFBC}") = "软构作业2", "软构作业2.csproj", "{5B0B7C7E-2672-4D5B-B8C4-796BCC542855}"
EndProject
Global
	GlobalSection(SolutionConfigurationPlatforms) = preSolution
		Debug|Any CPU = Debug|Any CPU
		Release|Any CPU = Release|Any CPU
	EndGlobalSection
	GlobalSection(ProjectConfigurationPlatforms) = postSolution
		{5B0B7C7E-2672-4D5B-B8C4-796BCC542855}.Debug|Any CPU.ActiveCfg = Debug|Any CPU
		{5B0B7C7E-2672-4D5B-B8C4-796BCC542855}.Debug|Any CPU.Build.0 = Debug|Any CPU
		{5B0B7C7E-2672-4D5B-B8C4-796BCC542855}.Release|Any CPU.ActiveCfg = Release|Any CPU
		{5B0B7C7E-2672-4D5B-B8C4-796BCC542855}.Release|Any CPU.Build.0 = Release|Any CPU
	EndGlobalSection
	GlobalSection(SolutionProperties) = preSolution
		HideSolutionNode = FALSE
	EndGlobalSection
	GlobalSection(ExtensibilityGlobals) = postSolution
		SolutionGuid = {680CB637-F2FB-4EDF-A03F-85F4F5108FC5}
	EndGlobalSection
EndGlobal
