
Microsoft Visual Studio Solution File, Format Version 12.00
# Visual Studio Version 17
VisualStudioVersion = 17.11.35312.102
MinimumVisualStudioVersion = 10.0.40219.1
Project("{FAE04EC0-301F-11D3-BF4B-00C04F79EFBC}") = "软构作业8", "软构作业8.csproj", "{A46EFCF9-92DB-4F2A-B6B6-094350650444}"
EndProject
Global
	GlobalSection(SolutionConfigurationPlatforms) = preSolution
		Debug|Any CPU = Debug|Any CPU
		Release|Any CPU = Release|Any CPU
	EndGlobalSection
	GlobalSection(ProjectConfigurationPlatforms) = postSolution
		{A46EFCF9-92DB-4F2A-B6B6-094350650444}.Debug|Any CPU.ActiveCfg = Debug|Any CPU
		{A46EFCF9-92DB-4F2A-B6B6-094350650444}.Debug|Any CPU.Build.0 = Debug|Any CPU
		{A46EFCF9-92DB-4F2A-B6B6-094350650444}.Release|Any CPU.ActiveCfg = Release|Any CPU
		{A46EFCF9-92DB-4F2A-B6B6-094350650444}.Release|Any CPU.Build.0 = Release|Any CPU
	EndGlobalSection
	GlobalSection(SolutionProperties) = preSolution
		HideSolutionNode = FALSE
	EndGlobalSection
	GlobalSection(ExtensibilityGlobals) = postSolution
		SolutionGuid = {3652B7B3-CD69-4A79-9A3F-091708BCD057}
	EndGlobalSection
EndGlobal
